// !$*UTF8*$!
{
	archiveVersion = 1;
	classes = {
	};
	objectVersion = 46;
	objects = {

/* Begin PBXBuildFile section */
		E46724C31B08245000AD42EC /* main.m in Sources */ = {isa = PBXBuildFile; fileRef = E46724C21B08245000AD42EC /* main.m */; };
		E46724C61B08245000AD42EC /* AppDelegate.m in Sources */ = {isa = PBXBuildFile; fileRef = E46724C51B08245000AD42EC /* AppDelegate.m */; };
		E46724C91B08245000AD42EC /* ViewController.m in Sources */ = {isa = PBXBuildFile; fileRef = E46724C81B08245000AD42EC /* ViewController.m */; };
		E46724CC1B08245000AD42EC /* Main.storyboard in Resources */ = {isa = PBXBuildFile; fileRef = E46724CA1B08245000AD42EC /* Main.storyboard */; };
		E46724CE1B08245000AD42EC /* Images.xcassets in Resources */ = {isa = PBXBuildFile; fileRef = E46724CD1B08245000AD42EC /* Images.xcassets */; };
		E46724D11B08245000AD42EC /* LaunchScreen.xib in Resources */ = {isa = PBXBuildFile; fileRef = E46724CF1B08245000AD42EC /* LaunchScreen.xib */; };
		E46724DD1B08245000AD42EC /* ComicPictureViewerTests.m in Sources */ = {isa = PBXBuildFile; fileRef = E46724DC1B08245000AD42EC /* ComicPictureViewerTests.m */; };
/* End PBXBuildFile section */

/* Begin PBXContainerItemProxy section */
		E46724D71B08245000AD42EC /* PBXContainerItemProxy */ = {
			isa = PBXContainerItemProxy;
			containerPortal = E46724B51B08245000AD42EC /* Project object */;
			proxyType = 1;
			remoteGlobalIDString = E46724BC1B08245000AD42EC;
			remoteInfo = ComicPictureViewer;
		};
/* End PBXContainerItemProxy section */

/* Begin PBXFileReference section */
		E46724BD1B08245000AD42EC /* ComicPictureViewer.app */ = {isa = PBXFileReference; explicitFileType = wrapper.application; includeInIndex = 0; path = ComicPictureViewer.app; sourceTree = BUILT_PRODUCTS_DIR; };
		E46724C11B08245000AD42EC /* Info.plist */ = {isa = PBXFileReference; lastKnownFileType = text.plist.xml; path = Info.plist; sourceTree = "<group>"; };
		E46724C21B08245000AD42EC /* main.m */ = {isa = PBXFileReference; lastKnownFileType = sourcecode.c.objc; path = main.m; sourceTree = "<group>"; };
		E46724C41B08245000AD42EC /* AppDelegate.h */ = {isa = PBXFileReference; lastKnownFileType = sourcecode.c.h; path = AppDelegate.h; sourceTree = "<group>"; };
		E46724C51B08245000AD42EC /* AppDelegate.m */ = {isa = PBXFileReference; lastKnownFileType = sourcecode.c.objc; path = AppDelegate.m; sourceTree = "<group>"; };
		E46724C71B08245000AD42EC /* ViewController.h */ = {isa = PBXFileReference; lastKnownFileType = sourcecode.c.h; path = ViewController.h; sourceTree = "<group>"; };
		E46724C81B08245000AD42EC /* ViewController.m */ = {isa = PBXFileReference; lastKnownFileType = sourcecode.c.objc; path = ViewController.m; sourceTree = "<group>"; };
		E46724CB1B08245000AD42EC /* Base */ = {isa = PBXFileReference; lastKnownFileType = file.storyboard; name = Base; path = Base.lproj/Main.storyboard; sourceTree = "<group>"; };
		E46724CD1B08245000AD42EC /* Images.xcassets */ = {isa = PBXFileReference; lastKnownFileType = folder.assetcatalog; path = Images.xcassets; sourceTree = "<group>"; };
		E46724D01B08245000AD42EC /* Base */ = {isa = PBXFileReference; lastKnownFileType = file.xib; name = Base; path = Base.lproj/LaunchScreen.xib; sourceTree = "<group>"; };
		E46724D61B08245000AD42EC /* ComicPictureViewerTests.xctest */ = {isa = PBXFileReference; explicitFileType = wrapper.cfbundle; includeInIndex = 0; path = ComicPictureViewerTests.xctest; sourceTree = BUILT_PRODUCTS_DIR; };
		E46724DB1B08245000AD42EC /* Info.plist */ = {isa = PBXFileReference; lastKnownFileType = text.plist.xml; path = Info.plist; sourceTree = "<group>"; };
		E46724DC1B08245000AD42EC /* ComicPictureViewerTests.m */ = {isa = PBXFileReference; lastKnownFileType = sourcecode.c.objc; path = ComicPictureViewerTests.m; sourceTree = "<group>"; };
/* End PBXFileReference section */

/* Begin PBXFrameworksBuildPhase section */
		E46724BA1B08245000AD42EC /* Frameworks */ = {
			isa = PBXFrameworksBuildPhase;
			buildActionMask = 2147483647;
			files = (
			);
			runOnlyForDeploymentPostprocessing = 0;
		};
		E46724D31B08245000AD42EC /* Frameworks */ = {
			isa = PBXFrameworksBuildPhase;
			buildActionMask = 2147483647;
			files = (
			);
			runOnlyForDeploymentPostprocessing = 0;
		};
/* End PBXFrameworksBuildPhase section */

/* Begin PBXGroup section */
		E46724B41B08245000AD42EC = {
			isa = PBXGroup;
			children = (
				E46724BF1B08245000AD42EC /* ComicPictureViewer */,
				E46724D91B08245000AD42EC /* ComicPictureViewerTests */,
				E46724BE1B08245000AD42EC /* Products */,
			);
			sourceTree = "<group>";
		};
		E46724BE1B08245000AD42EC /* Products */ = {
			isa = PBXGroup;
			children = (
				E46724BD1B08245000AD42EC /* ComicPictureViewer.app */,
				E46724D61B08245000AD42EC /* ComicPictureViewerTests.xctest */,
			);
			name = Products;
			sourceTree = "<group>";
		};
		E46724BF1B08245000AD42EC /* ComicPictureViewer */ = {
			isa = PBXGroup;
			children = (
				E46724C41B08245000AD42EC /* AppDelegate.h */,
				E46724C51B08245000AD42EC /* AppDelegate.m */,
				E46724C71B08245000AD42EC /* ViewController.h */,
				E46724C81B08245000AD42EC /* ViewController.m */,
				E46724CA1B08245000AD42EC /* Main.storyboard */,
				E46724CD1B08245000AD42EC /* Images.xcassets */,
				E46724CF1B08245000AD42EC /* LaunchScreen.xib */,
				E46724C01B08245000AD42EC /* Supporting Files */,
			);
			path = ComicPictureViewer;
			sourceTree = "<group>";
		};
		E46724C01B08245000AD42EC /* Supporting Files */ = {
			isa = PBXGroup;
			children = (
				E46724C11B08245000AD42EC /* Info.plist */,
				E46724C21B08245000AD42EC /* main.m */,
			);
			name = "Supporting Files";
			sourceTree = "<group>";
		};
		E46724D91B08245000AD42EC /* ComicPictureViewerTests */ = {
			isa = PBXGroup;
			children = (
				E46724DC1B08245000AD42EC /* ComicPictureViewerTests.m */,
				E46724DA1B08245000AD42EC /* Supporting Files */,
			);
			path = ComicPictureViewerTests;
			sourceTree = "<group>";
		};
		E46724DA1B08245000AD42EC /* Supporting Files */ = {
			isa = PBXGroup;
			children = (
				E46724DB1B08245000AD42EC /* Info.plist */,
			);
			name = "Supporting Files";
			sourceTree = "<group>";
		};
/* End PBXGroup section */

/* Begin PBXNativeTarget section */
		E46724BC1B08245000AD42EC /* ComicPictureViewer */ = {
			isa = PBXNativeTarget;
			buildConfigurationList = E46724E01B08245000AD42EC /* Build configuration list for PBXNativeTarget "ComicPictureViewer" */;
			buildPhases = (
				E46724B91B08245000AD42EC /* Sources */,
				E46724BA1B08245000AD42EC /* Frameworks */,
				E46724BB1B08245000AD42EC /* Resources */,
			);
			buildRules = (
			);
			dependencies = (
			);
			name = ComicPictureViewer;
			productName = ComicPictureViewer;
			productReference = E46724BD1B08245000AD42EC /* ComicPictureViewer.app */;
			productType = "com.apple.product-type.application";
		};
		E46724D51B08245000AD42EC /* ComicPictureViewerTests */ = {
			isa = PBXNativeTarget;
			buildConfigurationList = E46724E31B08245000AD42EC /* Build configuration list for PBXNativeTarget "ComicPictureViewerTests" */;
			buildPhases = (
				E46724D21B08245000AD42EC /* Sources */,
				E46724D31B08245000AD42EC /* Frameworks */,
				E46724D41B08245000AD42EC /* Resources */,
			);
			buildRules = (
			);
			dependencies = (
				E46724D81B08245000AD42EC /* PBXTargetDependency */,
			);
			name = ComicPictureViewerTests;
			productName = ComicPictureViewerTests;
			productReference = E46724D61B08245000AD42EC /* ComicPictureViewerTests.xctest */;
			productType = "com.apple.product-type.bundle.unit-test";
		};
/* End PBXNativeTarget section */

/* Begin PBXProject section */
		E46724B51B08245000AD42EC /* Project object */ = {
			isa = PBXProject;
			attributes = {
				LastUpgradeCheck = 0630;
				ORGANIZATIONNAME = Damon;
				TargetAttributes = {
					E46724BC1B08245000AD42EC = {
						CreatedOnToolsVersion = 6.3;
					};
					E46724D51B08245000AD42EC = {
						CreatedOnToolsVersion = 6.3;
						TestTargetID = E46724BC1B08245000AD42EC;
					};
				};
			};
			buildConfigurationList = E46724B81B08245000AD42EC /* Build configuration list for PBXProject "ComicPictureViewer" */;
			compatibilityVersion = "Xcode 3.2";
			developmentRegion = English;
			hasScannedForEncodings = 0;
			knownRegions = (
				en,
				Base,
			);
			mainGroup = E46724B41B08245000AD42EC;
			productRefGroup = E46724BE1B08245000AD42EC /* Products */;
			projectDirPath = "";
			projectRoot = "";
			targets = (
				E46724BC1B08245000AD42EC /* ComicPictureViewer */,
				E46724D51B08245000AD42EC /* ComicPictureViewerTests */,
			);
		};
/* End PBXProject section */

/* Begin PBXResourcesBuildPhase section */
		E46724BB1B08245000AD42EC /* Resources */ = {
			isa = PBXResourcesBuildPhase;
			buildActionMask = 2147483647;
			files = (
				E46724CC1B08245000AD42EC /* Main.storyboard in Resources */,
				E46724D11B08245000AD42EC /* LaunchScreen.xib in Resources */,
				E46724CE1B08245000AD42EC /* Images.xcassets in Resources */,
			);
			runOnlyForDeploymentPostprocessing = 0;
		};
		E46724D41B08245000AD42EC /* Resources */ = {
			isa = PBXResourcesBuildPhase;
			buildActionMask = 2147483647;
			files = (
			);
			runOnlyForDeploymentPostprocessing = 0;
		};
/* End PBXResourcesBuildPhase section */

/* Begin PBXSourcesBuildPhase section */
		E46724B91B08245000AD42EC /* Sources */ = {
			isa = PBXSourcesBuildPhase;
			buildActionMask = 2147483647;
			files = (
				E46724C91B08245000AD42EC /* ViewController.m in Sources */,
				E46724C61B08245000AD42EC /* AppDelegate.m in Sources */,
				E46724C31B08245000AD42EC /* main.m in Sources */,
			);
			runOnlyForDeploymentPostprocessing = 0;
		};
		E46724D21B08245000AD42EC /* Sources */ = {
			isa = PBXSourcesBuildPhase;
			buildActionMask = 2147483647;
			files = (
				E46724DD1B08245000AD42EC /* ComicPictureViewerTests.m in Sources */,
			);
			runOnlyForDeploymentPostprocessing = 0;
		};
/* End PBXSourcesBuildPhase section */

/* Begin PBXTargetDependency section */
		E46724D81B08245000AD42EC /* PBXTargetDependency */ = {
			isa = PBXTargetDependency;
			target = E46724BC1B08245000AD42EC /* ComicPictureViewer */;
			targetProxy = E46724D71B08245000AD42EC /* PBXContainerItemProxy */;
		};
/* End PBXTargetDependency section */

/* Begin PBXVariantGroup section */
		E46724CA1B08245000AD42EC /* Main.storyboard */ = {
			isa = PBXVariantGroup;
			children = (
				E46724CB1B08245000AD42EC /* Base */,
			);
			name = Main.storyboard;
			sourceTree = "<group>";
		};
		E46724CF1B08245000AD42EC /* LaunchScreen.xib */ = {
			isa = PBXVariantGroup;
			children = (
				E46724D01B08245000AD42EC /* Base */,
			);
			name = LaunchScreen.xib;
			sourceTree = "<group>";
		};
/* End PBXVariantGroup section */

/* Begin XCBuildConfiguration section */
		E46724DE1B08245000AD42EC /* Debug */ = {
			isa = XCBuildConfiguration;
			buildSettings = {
				ALWAYS_SEARCH_USER_PATHS = NO;
				CLANG_CXX_LANGUAGE_STANDARD = "gnu++0x";
				CLANG_CXX_LIBRARY = "libc++";
				CLANG_ENABLE_MODULES = YES;
				CLANG_ENABLE_OBJC_ARC = YES;
				CLANG_WARN_BOOL_CONVERSION = YES;
				CLANG_WARN_CONSTANT_CONVERSION = YES;
				CLANG_WARN_DIRECT_OBJC_ISA_USAGE = YES_ERROR;
				CLANG_WARN_EMPTY_BODY = YES;
				CLANG_WARN_ENUM_CONVERSION = YES;
				CLANG_WARN_INT_CONVERSION = YES;
				CLANG_WARN_OBJC_ROOT_CLASS = YES_ERROR;
				CLANG_WARN_UNREACHABLE_CODE = YES;
				CLANG_WARN__DUPLICATE_METHOD_MATCH = YES;
				"CODE_SIGN_IDENTITY[sdk=iphoneos*]" = "iPhone Developer";
				COPY_PHASE_STRIP = NO;
				DEBUG_INFORMATION_FORMAT = "dwarf-with-dsym";
				ENABLE_STRICT_OBJC_MSGSEND = YES;
				GCC_C_LANGUAGE_STANDARD = gnu99;
				GCC_DYNAMIC_NO_PIC = NO;
				GCC_NO_COMMON_BLOCKS = YES;
				GCC_OPTIMIZATION_LEVEL = 0;
				GCC_PREPROCESSOR_DEFINITIONS = (
					"DEBUG=1",
					"$(inherited)",
				);
				GCC_SYMBOLS_PRIVATE_EXTERN = NO;
				GCC_WARN_64_TO_32_BIT_CONVERSION = YES;
				GCC_WARN_ABOUT_RETURN_TYPE = YES_ERROR;
				GCC_WARN_UNDECLARED_SELECTOR = YES;
				GCC_WARN_UNINITIALIZED_AUTOS = YES_AGGRESSIVE;
				GCC_WARN_UNUSED_FUNCTION = YES;
				GCC_WARN_UNUSED_VARIABLE = YES;
				IPHONEOS_DEPLOYMENT_TARGET = 8.3;
				MTL_ENABLE_DEBUG_INFO = YES;
				ONLY_ACTIVE_ARCH = YES;
				SDKROOT = iphoneos;
			};
			name = Debug;
		};
		E46724DF1B08245000AD42EC /* Release */ = {
			isa = XCBuildConfiguration;
			buildSettings = {
				ALWAYS_SEARCH_USER_PATHS = NO;
				CLANG_CXX_LANGUAGE_STANDARD = "gnu++0x";
				CLANG_CXX_LIBRARY = "libc++";
				CLANG_ENABLE_MODULES = YES;
				CLANG_ENABLE_OBJC_ARC = YES;
				CLANG_WARN_BOOL_CONVERSION = YES;
				CLANG_WARN_CONSTANT_CONVERSION = YES;
				CLANG_WARN_DIRECT_OBJC_ISA_USAGE = YES_ERROR;
				CLANG_WARN_EMPTY_BODY = YES;
				CLANG_WARN_ENUM_CONVERSION = YES;
				CLANG_WARN_INT_CONVERSION = YES;
				CLANG_WARN_OBJC_ROOT_CLASS = YES_ERROR;
				CLANG_WARN_UNREACHABLE_CODE = YES;
				CLANG_WARN__DUPLICATE_METHOD_MATCH = YES;
				"CODE_SIGN_IDENTITY[sdk=iphoneos*]" = "iPhone Developer";
				COPY_PHASE_STRIP = NO;
				DEBUG_INFORMATION_FORMAT = "dwarf-with-dsym";
				ENABLE_NS_ASSERTIONS = NO;
				ENABLE_STRICT_OBJC_MSGSEND = YES;
				GCC_C_LANGUAGE_STANDARD = gnu99;
				GCC_NO_COMMON_BLOCKS = YES;
				GCC_WARN_64_TO_32_BIT_CONVERSION = YES;
				GCC_WARN_ABOUT_RETURN_TYPE = YES_ERROR;
				GCC_WARN_UNDECLARED_SELECTOR = YES;
				GCC_WARN_UNINITIALIZED_AUTOS = YES_AGGRESSIVE;
				GCC_WARN_UNUSED_FUNCTION = YES;
				GCC_WARN_UNUSED_VARIABLE = YES;
				IPHONEOS_DEPLOYMENT_TARGET = 8.3;
				MTL_ENABLE_DEBUG_INFO = NO;
				SDKROOT = iphoneos;
				VALIDATE_PRODUCT = YES;
			};
			name = Release;
		};
		E46724E11B08245000AD42EC /* Debug */ = {
			isa = XCBuildConfiguration;
			buildSettings = {
				ASSETCATALOG_COMPILER_APPICON_NAME = AppIcon;
				INFOPLIST_FILE = ComicPictureViewer/Info.plist;
				LD_RUNPATH_SEARCH_PATHS = "$(inherited) @executable_path/Frameworks";
				PRODUCT_NAME = "$(TARGET_NAME)";
			};
			name = Debug;
		};
		E46724E21B08245000AD42EC /* Release */ = {
			isa = XCBuildConfiguration;
			buildSettings = {
				ASSETCATALOG_COMPILER_APPICON_NAME = AppIcon;
				INFOPLIST_FILE = ComicPictureViewer/Info.plist;
				LD_RUNPATH_SEARCH_PATHS = "$(inherited) @executable_path/Frameworks";
				PRODUCT_NAME = "$(TARGET_NAME)";
			};
			name = Release;
		};
		E46724E41B08245000AD42EC /* Debug */ = {
			isa = XCBuildConfiguration;
			buildSettings = {
				BUNDLE_LOADER = "$(TEST_HOST)";
				FRAMEWORK_SEARCH_PATHS = (
					"$(SDKROOT)/Developer/Library/Frameworks",
					"$(inherited)",
				);
				GCC_PREPROCESSOR_DEFINITIONS = (
					"DEBUG=1",
					"$(inherited)",
				);
				INFOPLIST_FILE = ComicPictureViewerTests/Info.plist;
				LD_RUNPATH_SEARCH_PATHS = "$(inherited) @executable_path/Frameworks @loader_path/Frameworks";
				PRODUCT_NAME = "$(TARGET_NAME)";
				TEST_HOST = "$(BUILT_PRODUCTS_DIR)/ComicPictureViewer.app/ComicPictureViewer";
			};
			name = Debug;
		};
		E46724E51B08245000AD42EC /* Release */ = {
			isa = XCBuildConfiguration;
			buildSettings = {
				BUNDLE_LOADER = "$(TEST_HOST)";
				FRAMEWORK_SEARCH_PATHS = (
					"$(SDKROOT)/Developer/Library/Frameworks",
					"$(inherited)",
				);
				INFOPLIST_FILE = ComicPictureViewerTests/Info.plist;
				LD_RUNPATH_SEARCH_PATHS = "$(inherited) @executable_path/Frameworks @loader_path/Frameworks";
				PRODUCT_NAME = "$(TARGET_NAME)";
				TEST_HOST = "$(BUILT_PRODUCTS_DIR)/ComicPictureViewer.app/ComicPictureViewer";
			};
			name = Release;
		};
/* End XCBuildConfiguration section */

/* Begin XCConfigurationList section */
		E46724B81B08245000AD42EC /* Build configuration list for PBXProject "ComicPictureViewer" */ = {
			isa = XCConfigurationList;
			buildConfigurations = (
				E46724DE1B08245000AD42EC /* Debug */,
				E46724DF1B08245000AD42EC /* Release */,
			);
			defaultConfigurationIsVisible = 0;
			defaultConfigurationName = Release;
		};
		E46724E01B08245000AD42EC /* Build configuration list for PBXNativeTarget "ComicPictureViewer" */ = {
			isa = XCConfigurationList;
			buildConfigurations = (
				E46724E11B08245000AD42EC /* Debug */,
				E46724E21B08245000AD42EC /* Release */,
			);
			defaultConfigurationIsVisible = 0;
		};
		E46724E31B08245000AD42EC /* Build configuration list for PBXNativeTarget "ComicPictureViewerTests" */ = {
			isa = XCConfigurationList;
			buildConfigurations = (
				E46724E41B08245000AD42EC /* Debug */,
				E46724E51B08245000AD42EC /* Release */,
			);
			defaultConfigurationIsVisible = 0;
		};
/* End XCConfigurationList section */
	};
	rootObject = E46724B51B08245000AD42EC /* Project object */;
}
